
Microsoft Visual Studio Solution File, Format Version 12.00
# Visual Studio Version 17
VisualStudioVersion = 17.0.31903.59
MinimumVisualStudioVersion = 10.0.40219.1
Project("{2150E333-8FDC-42A3-9474-1A3956D46DE8}") = "src", "src", "{827E0CD3-B72D-47B6-A68D-7590B98EB39B}"
EndProject
Project("{2150E333-8FDC-42A3-9474-1A3956D46DE8}") = "core", "core", "{8D626EA8-CB54-BC41-363A-217881BEBA6E}"
EndProject
Project("{FAE04EC0-301F-11D3-BF4B-00C04F79EFBC}") = "Cpa.Fas.ProductMs.Domain", "src\core\Cpa.Fas.ProductMs.Domain\Cpa.Fas.ProductMs.Domain.csproj", "{EEF2B8A2-B085-4489-82C6-809BC7E31663}"
EndProject
Project("{FAE04EC0-301F-11D3-BF4B-00C04F79EFBC}") = "Cpa.Fas.ProductMs.Application", "src\core\Cpa.Fas.ProductMs.Application\Cpa.Fas.ProductMs.Application.csproj", "{537B0139-4A16-481F-A26C-0DCE3DB1B584}"
EndProject
Project("{2150E333-8FDC-42A3-9474-1A3956D46DE8}") = "infrastructure", "infrastructure", "{9048EB7F-3875-A59E-E36B-5BD4C6F2A282}"
EndProject
Project("{FAE04EC0-301F-11D3-BF4B-00C04F79EFBC}") = "Cpa.Fas.ProductMs.Infrastructure", "src\infrastructure\Cpa.Fas.ProductMs.Infrastructure\Cpa.Fas.ProductMs.Infrastructure.csproj", "{137A4550-D0F2-4C1B-97D4-5C819892C79A}"
EndProject
Project("{2150E333-8FDC-42A3-9474-1A3956D46DE8}") = "presentation", "presentation", "{6996BBF7-DB31-59BC-C7DD-9A7CCC6138C4}"
EndProject
Project("{2150E333-8FDC-42A3-9474-1A3956D46DE8}") = "tests", "tests", "{0AB3BF05-4346-4AA6-1389-037BE0695223}"
EndProject
Project("{FAE04EC0-301F-11D3-BF4B-00C04F79EFBC}") = "Cpa.Fas.ProductMs.Domain.Tests", "tests\Cpa.Fas.ProductMs.Domain.Tests\Cpa.Fas.ProductMs.Domain.Tests.csproj", "{E2EE52A7-3953-4EC9-829A-02DEE0579283}"
EndProject
Project("{FAE04EC0-301F-11D3-BF4B-00C04F79EFBC}") = "Cpa.Fas.ProductMs.Application.Tests", "tests\Cpa.Fas.ProductMs.Application.Tests\Cpa.Fas.ProductMs.Application.Tests.csproj", "{FCEC2383-645B-4155-AFB6-59F84A7BABD0}"
EndProject
Project("{FAE04EC0-301F-11D3-BF4B-00C04F79EFBC}") = "Cpa.Fas.ProductMs.Infrastructure.Tests", "tests\Cpa.Fas.ProductMs.Infrastructure.Tests\Cpa.Fas.ProductMs.Infrastructure.Tests.csproj", "{8B8271E9-140C-9FDC-0ED4-FF62C8C37C64}"
EndProject
Project("{FAE04EC0-301F-11D3-BF4B-00C04F79EFBC}") = "Cpa.Fas.ProductMs.WebApi", "src\presentation\Cpa.Fas.ProductMs.WebApi\Cpa.Fas.ProductMs.WebApi.csproj", "{4D99CF74-2E9D-4C9C-AA04-3640F879E90E}"
EndProject
Project("{00D1A9C2-B5F0-4AF3-8072-F6C62B433612}") = "Cpa.Fas.ProductMs.Database", "src\infrastructure\Cpa.Fas.ProductMs.Database\Cpa.Fas.ProductMs.Database.sqlproj", "{46891241-4311-469D-B21D-61397F8BBBC7}"
EndProject
Project("{FAE04EC0-301F-11D3-BF4B-00C04F79EFBC}") = "Cpa.Fas.ProductMs.Sql", "src\infrastructure\Cpa.Fas.ProductMs.Sql\Cpa.Fas.ProductMs.Sql.csproj", "{F46F49CC-8F64-4C1E-81D7-CEBC3AA07B86}"
EndProject
Project("{FAE04EC0-301F-11D3-BF4B-00C04F79EFBC}") = "Cpa.Fas.ProductMs.Architecture.Tests", "tests\Cpa.Fas.ProductMs.Architecture.Tests\Cpa.Fas.ProductMs.Architecture.Tests.csproj", "{A613FAAD-CD3F-4BD1-9C56-E1D1939A55BF}"
EndProject
Project("{2150E333-8FDC-42A3-9474-1A3956D46DE8}") = "docs", "docs", "{02EA681E-C7D8-13C7-8484-4AC65E1B71E8}"
	ProjectSection(SolutionItems) = preProject
		docs\Cpa.Fas.ProductMs.Docs.zip = docs\Cpa.Fas.ProductMs.Docs.zip
	EndProjectSection
EndProject
Global
	GlobalSection(SolutionConfigurationPlatforms) = preSolution
		Debug|Any CPU = Debug|Any CPU
		Debug|x64 = Debug|x64
		Debug|x86 = Debug|x86
		Release|Any CPU = Release|Any CPU
		Release|x64 = Release|x64
		Release|x86 = Release|x86
	EndGlobalSection
	GlobalSection(ProjectConfigurationPlatforms) = postSolution
		{EEF2B8A2-B085-4489-82C6-809BC7E31663}.Debug|Any CPU.ActiveCfg = Debug|Any CPU
		{EEF2B8A2-B085-4489-82C6-809BC7E31663}.Debug|Any CPU.Build.0 = Debug|Any CPU
		{EEF2B8A2-B085-4489-82C6-809BC7E31663}.Debug|x64.ActiveCfg = Debug|Any CPU
		{EEF2B8A2-B085-4489-82C6-809BC7E31663}.Debug|x64.Build.0 = Debug|Any CPU
		{EEF2B8A2-B085-4489-82C6-809BC7E31663}.Debug|x86.ActiveCfg = Debug|Any CPU
		{EEF2B8A2-B085-4489-82C6-809BC7E31663}.Debug|x86.Build.0 = Debug|Any CPU
		{EEF2B8A2-B085-4489-82C6-809BC7E31663}.Release|Any CPU.ActiveCfg = Release|Any CPU
		{EEF2B8A2-B085-4489-82C6-809BC7E31663}.Release|Any CPU.Build.0 = Release|Any CPU
		{EEF2B8A2-B085-4489-82C6-809BC7E31663}.Release|x64.ActiveCfg = Release|Any CPU
		{EEF2B8A2-B085-4489-82C6-809BC7E31663}.Release|x64.Build.0 = Release|Any CPU
		{EEF2B8A2-B085-4489-82C6-809BC7E31663}.Release|x86.ActiveCfg = Release|Any CPU
		{EEF2B8A2-B085-4489-82C6-809BC7E31663}.Release|x86.Build.0 = Release|Any CPU
		{537B0139-4A16-481F-A26C-0DCE3DB1B584}.Debug|Any CPU.ActiveCfg = Debug|Any CPU
		{537B0139-4A16-481F-A26C-0DCE3DB1B584}.Debug|Any CPU.Build.0 = Debug|Any CPU
		{537B0139-4A16-481F-A26C-0DCE3DB1B584}.Debug|x64.ActiveCfg = Debug|Any CPU
		{537B0139-4A16-481F-A26C-0DCE3DB1B584}.Debug|x64.Build.0 = Debug|Any CPU
		{537B0139-4A16-481F-A26C-0DCE3DB1B584}.Debug|x86.ActiveCfg = Debug|Any CPU
		{537B0139-4A16-481F-A26C-0DCE3DB1B584}.Debug|x86.Build.0 = Debug|Any CPU
		{537B0139-4A16-481F-A26C-0DCE3DB1B584}.Release|Any CPU.ActiveCfg = Release|Any CPU
		{537B0139-4A16-481F-A26C-0DCE3DB1B584}.Release|Any CPU.Build.0 = Release|Any CPU
		{537B0139-4A16-481F-A26C-0DCE3DB1B584}.Release|x64.ActiveCfg = Release|Any CPU
		{537B0139-4A16-481F-A26C-0DCE3DB1B584}.Release|x64.Build.0 = Release|Any CPU
		{537B0139-4A16-481F-A26C-0DCE3DB1B584}.Release|x86.ActiveCfg = Release|Any CPU
		{537B0139-4A16-481F-A26C-0DCE3DB1B584}.Release|x86.Build.0 = Release|Any CPU
		{137A4550-D0F2-4C1B-97D4-5C819892C79A}.Debug|Any CPU.ActiveCfg = Debug|Any CPU
		{137A4550-D0F2-4C1B-97D4-5C819892C79A}.Debug|Any CPU.Build.0 = Debug|Any CPU
		{137A4550-D0F2-4C1B-97D4-5C819892C79A}.Debug|x64.ActiveCfg = Debug|Any CPU
		{137A4550-D0F2-4C1B-97D4-5C819892C79A}.Debug|x64.Build.0 = Debug|Any CPU
		{137A4550-D0F2-4C1B-97D4-5C819892C79A}.Debug|x86.ActiveCfg = Debug|Any CPU
		{137A4550-D0F2-4C1B-97D4-5C819892C79A}.Debug|x86.Build.0 = Debug|Any CPU
		{137A4550-D0F2-4C1B-97D4-5C819892C79A}.Release|Any CPU.ActiveCfg = Release|Any CPU
		{137A4550-D0F2-4C1B-97D4-5C819892C79A}.Release|Any CPU.Build.0 = Release|Any CPU
		{137A4550-D0F2-4C1B-97D4-5C819892C79A}.Release|x64.ActiveCfg = Release|Any CPU
		{137A4550-D0F2-4C1B-97D4-5C819892C79A}.Release|x64.Build.0 = Release|Any CPU
		{137A4550-D0F2-4C1B-97D4-5C819892C79A}.Release|x86.ActiveCfg = Release|Any CPU
		{137A4550-D0F2-4C1B-97D4-5C819892C79A}.Release|x86.Build.0 = Release|Any CPU
		{E2EE52A7-3953-4EC9-829A-02DEE0579283}.Debug|Any CPU.ActiveCfg = Debug|Any CPU
		{E2EE52A7-3953-4EC9-829A-02DEE0579283}.Debug|Any CPU.Build.0 = Debug|Any CPU
		{E2EE52A7-3953-4EC9-829A-02DEE0579283}.Debug|x64.ActiveCfg = Debug|Any CPU
		{E2EE52A7-3953-4EC9-829A-02DEE0579283}.Debug|x64.Build.0 = Debug|Any CPU
		{E2EE52A7-3953-4EC9-829A-02DEE0579283}.Debug|x86.ActiveCfg = Debug|Any CPU
		{E2EE52A7-3953-4EC9-829A-02DEE0579283}.Debug|x86.Build.0 = Debug|Any CPU
		{E2EE52A7-3953-4EC9-829A-02DEE0579283}.Release|Any CPU.ActiveCfg = Release|Any CPU
		{E2EE52A7-3953-4EC9-829A-02DEE0579283}.Release|Any CPU.Build.0 = Release|Any CPU
		{E2EE52A7-3953-4EC9-829A-02DEE0579283}.Release|x64.ActiveCfg = Release|Any CPU
		{E2EE52A7-3953-4EC9-829A-02DEE0579283}.Release|x64.Build.0 = Release|Any CPU
		{E2EE52A7-3953-4EC9-829A-02DEE0579283}.Release|x86.ActiveCfg = Release|Any CPU
		{E2EE52A7-3953-4EC9-829A-02DEE0579283}.Release|x86.Build.0 = Release|Any CPU
		{FCEC2383-645B-4155-AFB6-59F84A7BABD0}.Debug|Any CPU.ActiveCfg = Debug|Any CPU
		{FCEC2383-645B-4155-AFB6-59F84A7BABD0}.Debug|Any CPU.Build.0 = Debug|Any CPU
		{FCEC2383-645B-4155-AFB6-59F84A7BABD0}.Debug|x64.ActiveCfg = Debug|Any CPU
		{FCEC2383-645B-4155-AFB6-59F84A7BABD0}.Debug|x64.Build.0 = Debug|Any CPU
		{FCEC2383-645B-4155-AFB6-59F84A7BABD0}.Debug|x86.ActiveCfg = Debug|Any CPU
		{FCEC2383-645B-4155-AFB6-59F84A7BABD0}.Debug|x86.Build.0 = Debug|Any CPU
		{FCEC2383-645B-4155-AFB6-59F84A7BABD0}.Release|Any CPU.ActiveCfg = Release|Any CPU
		{FCEC2383-645B-4155-AFB6-59F84A7BABD0}.Release|Any CPU.Build.0 = Release|Any CPU
		{FCEC2383-645B-4155-AFB6-59F84A7BABD0}.Release|x64.ActiveCfg = Release|Any CPU
		{FCEC2383-645B-4155-AFB6-59F84A7BABD0}.Release|x64.Build.0 = Release|Any CPU
		{FCEC2383-645B-4155-AFB6-59F84A7BABD0}.Release|x86.ActiveCfg = Release|Any CPU
		{FCEC2383-645B-4155-AFB6-59F84A7BABD0}.Release|x86.Build.0 = Release|Any CPU
		{8B8271E9-140C-9FDC-0ED4-FF62C8C37C64}.Debug|Any CPU.ActiveCfg = Debug|Any CPU
		{8B8271E9-140C-9FDC-0ED4-FF62C8C37C64}.Debug|Any CPU.Build.0 = Debug|Any CPU
		{8B8271E9-140C-9FDC-0ED4-FF62C8C37C64}.Debug|x64.ActiveCfg = Debug|Any CPU
		{8B8271E9-140C-9FDC-0ED4-FF62C8C37C64}.Debug|x64.Build.0 = Debug|Any CPU
		{8B8271E9-140C-9FDC-0ED4-FF62C8C37C64}.Debug|x86.ActiveCfg = Debug|Any CPU
		{8B8271E9-140C-9FDC-0ED4-FF62C8C37C64}.Debug|x86.Build.0 = Debug|Any CPU
		{8B8271E9-140C-9FDC-0ED4-FF62C8C37C64}.Release|Any CPU.ActiveCfg = Release|Any CPU
		{8B8271E9-140C-9FDC-0ED4-FF62C8C37C64}.Release|Any CPU.Build.0 = Release|Any CPU
		{8B8271E9-140C-9FDC-0ED4-FF62C8C37C64}.Release|x64.ActiveCfg = Release|Any CPU
		{8B8271E9-140C-9FDC-0ED4-FF62C8C37C64}.Release|x64.Build.0 = Release|Any CPU
		{8B8271E9-140C-9FDC-0ED4-FF62C8C37C64}.Release|x86.ActiveCfg = Release|Any CPU
		{8B8271E9-140C-9FDC-0ED4-FF62C8C37C64}.Release|x86.Build.0 = Release|Any CPU
		{4D99CF74-2E9D-4C9C-AA04-3640F879E90E}.Debug|Any CPU.ActiveCfg = Debug|Any CPU
		{4D99CF74-2E9D-4C9C-AA04-3640F879E90E}.Debug|Any CPU.Build.0 = Debug|Any CPU
		{4D99CF74-2E9D-4C9C-AA04-3640F879E90E}.Debug|x64.ActiveCfg = Debug|Any CPU
		{4D99CF74-2E9D-4C9C-AA04-3640F879E90E}.Debug|x64.Build.0 = Debug|Any CPU
		{4D99CF74-2E9D-4C9C-AA04-3640F879E90E}.Debug|x86.ActiveCfg = Debug|Any CPU
		{4D99CF74-2E9D-4C9C-AA04-3640F879E90E}.Debug|x86.Build.0 = Debug|Any CPU
		{4D99CF74-2E9D-4C9C-AA04-3640F879E90E}.Release|Any CPU.ActiveCfg = Release|Any CPU
		{4D99CF74-2E9D-4C9C-AA04-3640F879E90E}.Release|Any CPU.Build.0 = Release|Any CPU
		{4D99CF74-2E9D-4C9C-AA04-3640F879E90E}.Release|x64.ActiveCfg = Release|Any CPU
		{4D99CF74-2E9D-4C9C-AA04-3640F879E90E}.Release|x64.Build.0 = Release|Any CPU
		{4D99CF74-2E9D-4C9C-AA04-3640F879E90E}.Release|x86.ActiveCfg = Release|Any CPU
		{4D99CF74-2E9D-4C9C-AA04-3640F879E90E}.Release|x86.Build.0 = Release|Any CPU
		{46891241-4311-469D-B21D-61397F8BBBC7}.Debug|Any CPU.ActiveCfg = Debug|Any CPU
		{46891241-4311-469D-B21D-61397F8BBBC7}.Debug|Any CPU.Build.0 = Debug|Any CPU
		{46891241-4311-469D-B21D-61397F8BBBC7}.Debug|Any CPU.Deploy.0 = Debug|Any CPU
		{46891241-4311-469D-B21D-61397F8BBBC7}.Debug|x64.ActiveCfg = Debug|Any CPU
		{46891241-4311-469D-B21D-61397F8BBBC7}.Debug|x64.Build.0 = Debug|Any CPU
		{46891241-4311-469D-B21D-61397F8BBBC7}.Debug|x64.Deploy.0 = Debug|Any CPU
		{46891241-4311-469D-B21D-61397F8BBBC7}.Debug|x86.ActiveCfg = Debug|Any CPU
		{46891241-4311-469D-B21D-61397F8BBBC7}.Debug|x86.Build.0 = Debug|Any CPU
		{46891241-4311-469D-B21D-61397F8BBBC7}.Debug|x86.Deploy.0 = Debug|Any CPU
		{46891241-4311-469D-B21D-61397F8BBBC7}.Release|Any CPU.ActiveCfg = Release|Any CPU
		{46891241-4311-469D-B21D-61397F8BBBC7}.Release|Any CPU.Build.0 = Release|Any CPU
		{46891241-4311-469D-B21D-61397F8BBBC7}.Release|Any CPU.Deploy.0 = Release|Any CPU
		{46891241-4311-469D-B21D-61397F8BBBC7}.Release|x64.ActiveCfg = Release|Any CPU
		{46891241-4311-469D-B21D-61397F8BBBC7}.Release|x64.Build.0 = Release|Any CPU
		{46891241-4311-469D-B21D-61397F8BBBC7}.Release|x64.Deploy.0 = Release|Any CPU
		{46891241-4311-469D-B21D-61397F8BBBC7}.Release|x86.ActiveCfg = Release|Any CPU
		{46891241-4311-469D-B21D-61397F8BBBC7}.Release|x86.Build.0 = Release|Any CPU
		{46891241-4311-469D-B21D-61397F8BBBC7}.Release|x86.Deploy.0 = Release|Any CPU
		{F46F49CC-8F64-4C1E-81D7-CEBC3AA07B86}.Debug|Any CPU.ActiveCfg = Debug|Any CPU
		{F46F49CC-8F64-4C1E-81D7-CEBC3AA07B86}.Debug|Any CPU.Build.0 = Debug|Any CPU
		{F46F49CC-8F64-4C1E-81D7-CEBC3AA07B86}.Debug|x64.ActiveCfg = Debug|Any CPU
		{F46F49CC-8F64-4C1E-81D7-CEBC3AA07B86}.Debug|x64.Build.0 = Debug|Any CPU
		{F46F49CC-8F64-4C1E-81D7-CEBC3AA07B86}.Debug|x86.ActiveCfg = Debug|Any CPU
		{F46F49CC-8F64-4C1E-81D7-CEBC3AA07B86}.Debug|x86.Build.0 = Debug|Any CPU
		{F46F49CC-8F64-4C1E-81D7-CEBC3AA07B86}.Release|Any CPU.ActiveCfg = Release|Any CPU
		{F46F49CC-8F64-4C1E-81D7-CEBC3AA07B86}.Release|Any CPU.Build.0 = Release|Any CPU
		{F46F49CC-8F64-4C1E-81D7-CEBC3AA07B86}.Release|x64.ActiveCfg = Release|Any CPU
		{F46F49CC-8F64-4C1E-81D7-CEBC3AA07B86}.Release|x64.Build.0 = Release|Any CPU
		{F46F49CC-8F64-4C1E-81D7-CEBC3AA07B86}.Release|x86.ActiveCfg = Release|Any CPU
		{F46F49CC-8F64-4C1E-81D7-CEBC3AA07B86}.Release|x86.Build.0 = Release|Any CPU
		{A613FAAD-CD3F-4BD1-9C56-E1D1939A55BF}.Debug|Any CPU.ActiveCfg = Debug|Any CPU
		{A613FAAD-CD3F-4BD1-9C56-E1D1939A55BF}.Debug|Any CPU.Build.0 = Debug|Any CPU
		{A613FAAD-CD3F-4BD1-9C56-E1D1939A55BF}.Debug|x64.ActiveCfg = Debug|Any CPU
		{A613FAAD-CD3F-4BD1-9C56-E1D1939A55BF}.Debug|x64.Build.0 = Debug|Any CPU
		{A613FAAD-CD3F-4BD1-9C56-E1D1939A55BF}.Debug|x86.ActiveCfg = Debug|Any CPU
		{A613FAAD-CD3F-4BD1-9C56-E1D1939A55BF}.Debug|x86.Build.0 = Debug|Any CPU
		{A613FAAD-CD3F-4BD1-9C56-E1D1939A55BF}.Release|Any CPU.ActiveCfg = Release|Any CPU
		{A613FAAD-CD3F-4BD1-9C56-E1D1939A55BF}.Release|Any CPU.Build.0 = Release|Any CPU
		{A613FAAD-CD3F-4BD1-9C56-E1D1939A55BF}.Release|x64.ActiveCfg = Release|Any CPU
		{A613FAAD-CD3F-4BD1-9C56-E1D1939A55BF}.Release|x64.Build.0 = Release|Any CPU
		{A613FAAD-CD3F-4BD1-9C56-E1D1939A55BF}.Release|x86.ActiveCfg = Release|Any CPU
		{A613FAAD-CD3F-4BD1-9C56-E1D1939A55BF}.Release|x86.Build.0 = Release|Any CPU
	EndGlobalSection
	GlobalSection(SolutionProperties) = preSolution
		HideSolutionNode = FALSE
	EndGlobalSection
	GlobalSection(NestedProjects) = preSolution
		{8D626EA8-CB54-BC41-363A-217881BEBA6E} = {827E0CD3-B72D-47B6-A68D-7590B98EB39B}
		{EEF2B8A2-B085-4489-82C6-809BC7E31663} = {8D626EA8-CB54-BC41-363A-217881BEBA6E}
		{537B0139-4A16-481F-A26C-0DCE3DB1B584} = {8D626EA8-CB54-BC41-363A-217881BEBA6E}
		{9048EB7F-3875-A59E-E36B-5BD4C6F2A282} = {827E0CD3-B72D-47B6-A68D-7590B98EB39B}
		{137A4550-D0F2-4C1B-97D4-5C819892C79A} = {9048EB7F-3875-A59E-E36B-5BD4C6F2A282}
		{6996BBF7-DB31-59BC-C7DD-9A7CCC6138C4} = {827E0CD3-B72D-47B6-A68D-7590B98EB39B}
		{E2EE52A7-3953-4EC9-829A-02DEE0579283} = {0AB3BF05-4346-4AA6-1389-037BE0695223}
		{FCEC2383-645B-4155-AFB6-59F84A7BABD0} = {0AB3BF05-4346-4AA6-1389-037BE0695223}
		{8B8271E9-140C-9FDC-0ED4-FF62C8C37C64} = {0AB3BF05-4346-4AA6-1389-037BE0695223}
		{4D99CF74-2E9D-4C9C-AA04-3640F879E90E} = {6996BBF7-DB31-59BC-C7DD-9A7CCC6138C4}
		{46891241-4311-469D-B21D-61397F8BBBC7} = {9048EB7F-3875-A59E-E36B-5BD4C6F2A282}
		{F46F49CC-8F64-4C1E-81D7-CEBC3AA07B86} = {9048EB7F-3875-A59E-E36B-5BD4C6F2A282}
		{A613FAAD-CD3F-4BD1-9C56-E1D1939A55BF} = {0AB3BF05-4346-4AA6-1389-037BE0695223}
	EndGlobalSection
	GlobalSection(ExtensibilityGlobals) = postSolution
		SolutionGuid = {9B83C056-9EEB-4765-BA58-0AD02BB35FA0}
	EndGlobalSection
EndGlobal
